
Microsoft Visual Studio Solution File, Format Version 12.00
# Visual Studio Version 17
VisualStudioVersion = 17.3.32804.467
MinimumVisualStudioVersion = 10.0.40219.1
Project("{FAE04EC0-301F-11D3-BF4B-00C04F79EFBC}") = "1일차 복습", "1일차 복습\1일차 복습.csproj", "{433DDC58-702B-458F-A4C0-915F29DE0D79}"
EndProject
Global
	GlobalSection(SolutionConfigurationPlatforms) = preSolution
		Debug|Any CPU = Debug|Any CPU
		Release|Any CPU = Release|Any CPU
	EndGlobalSection
	GlobalSection(ProjectConfigurationPlatforms) = postSolution
		{433DDC58-702B-458F-A4C0-915F29DE0D79}.Debug|Any CPU.ActiveCfg = Debug|Any CPU
		{433DDC58-702B-458F-A4C0-915F29DE0D79}.Debug|Any CPU.Build.0 = Debug|Any CPU
		{433DDC58-702B-458F-A4C0-915F29DE0D79}.Release|Any CPU.ActiveCfg = Release|Any CPU
		{433DDC58-702B-458F-A4C0-915F29DE0D79}.Release|Any CPU.Build.0 = Release|Any CPU
	EndGlobalSection
	GlobalSection(SolutionProperties) = preSolution
		HideSolutionNode = FALSE
	EndGlobalSection
	GlobalSection(ExtensibilityGlobals) = postSolution
		SolutionGuid = {27A7CD80-28FB-4537-9D4D-1C6B7E82323A}
	EndGlobalSection
EndGlobal
