
Microsoft Visual Studio Solution File, Format Version 12.00
# Visual Studio Version 17
VisualStudioVersion = 17.3.32804.467
MinimumVisualStudioVersion = 10.0.40219.1
Project("{FAE04EC0-301F-11D3-BF4B-00C04F79EFBC}") = "연습장", "연습장\연습장.csproj", "{F3048FDD-54DA-4E3D-AD11-913848DEC079}"
EndProject
Global
	GlobalSection(SolutionConfigurationPlatforms) = preSolution
		Debug|Any CPU = Debug|Any CPU
		Release|Any CPU = Release|Any CPU
	EndGlobalSection
	GlobalSection(ProjectConfigurationPlatforms) = postSolution
		{F3048FDD-54DA-4E3D-AD11-913848DEC079}.Debug|Any CPU.ActiveCfg = Debug|Any CPU
		{F3048FDD-54DA-4E3D-AD11-913848DEC079}.Debug|Any CPU.Build.0 = Debug|Any CPU
		{F3048FDD-54DA-4E3D-AD11-913848DEC079}.Release|Any CPU.ActiveCfg = Release|Any CPU
		{F3048FDD-54DA-4E3D-AD11-913848DEC079}.Release|Any CPU.Build.0 = Release|Any CPU
	EndGlobalSection
	GlobalSection(SolutionProperties) = preSolution
		HideSolutionNode = FALSE
	EndGlobalSection
	GlobalSection(ExtensibilityGlobals) = postSolution
		SolutionGuid = {1058F34F-14DE-43A2-93CD-5F79914EBD3B}
	EndGlobalSection
EndGlobal
