
Microsoft Visual Studio Solution File, Format Version 12.00
# Visual Studio Version 17
VisualStudioVersion = 17.3.32804.467
MinimumVisualStudioVersion = 10.0.40219.1
Project("{FAE04EC0-301F-11D3-BF4B-00C04F79EFBC}") = "2023.03.04", "2023.03.04\2023.03.04.csproj", "{1E2DB42B-223F-4BDB-99B5-B2A170528F09}"
EndProject
Project("{FAE04EC0-301F-11D3-BF4B-00C04F79EFBC}") = "2023.03.04.2", "2023.03.04.2\2023.03.04.2.csproj", "{4BC92FCF-02E1-4A1D-8D3F-7C870B405333}"
EndProject
Global
	GlobalSection(SolutionConfigurationPlatforms) = preSolution
		Debug|Any CPU = Debug|Any CPU
		Release|Any CPU = Release|Any CPU
	EndGlobalSection
	GlobalSection(ProjectConfigurationPlatforms) = postSolution
		{1E2DB42B-223F-4BDB-99B5-B2A170528F09}.Debug|Any CPU.ActiveCfg = Debug|Any CPU
		{1E2DB42B-223F-4BDB-99B5-B2A170528F09}.Debug|Any CPU.Build.0 = Debug|Any CPU
		{1E2DB42B-223F-4BDB-99B5-B2A170528F09}.Release|Any CPU.ActiveCfg = Release|Any CPU
		{1E2DB42B-223F-4BDB-99B5-B2A170528F09}.Release|Any CPU.Build.0 = Release|Any CPU
		{4BC92FCF-02E1-4A1D-8D3F-7C870B405333}.Debug|Any CPU.ActiveCfg = Debug|Any CPU
		{4BC92FCF-02E1-4A1D-8D3F-7C870B405333}.Debug|Any CPU.Build.0 = Debug|Any CPU
		{4BC92FCF-02E1-4A1D-8D3F-7C870B405333}.Release|Any CPU.ActiveCfg = Release|Any CPU
		{4BC92FCF-02E1-4A1D-8D3F-7C870B405333}.Release|Any CPU.Build.0 = Release|Any CPU
	EndGlobalSection
	GlobalSection(SolutionProperties) = preSolution
		HideSolutionNode = FALSE
	EndGlobalSection
	GlobalSection(ExtensibilityGlobals) = postSolution
		SolutionGuid = {5DF9270C-4840-403E-94F2-B61832972A23}
	EndGlobalSection
EndGlobal
